
Microsoft Visual Studio Solution File, Format Version 12.00
# Blend for Visual Studio Version 16
VisualStudioVersion = 16.0.30523.141
MinimumVisualStudioVersion = 10.0.40219.1
Project("{FAE04EC0-301F-11D3-BF4B-00C04F79EFBC}") = "Curso_em_video", "Curso_em_video\Curso_em_video.csproj", "{B082BFF6-90A4-40D7-B906-E8A26A978B6E}"
EndProject
Global
	GlobalSection(SolutionConfigurationPlatforms) = preSolution
		Debug|Any CPU = Debug|Any CPU
		Release|Any CPU = Release|Any CPU
	EndGlobalSection
	GlobalSection(ProjectConfigurationPlatforms) = postSolution
		{B082BFF6-90A4-40D7-B906-E8A26A978B6E}.Debug|Any CPU.ActiveCfg = Debug|Any CPU
		{B082BFF6-90A4-40D7-B906-E8A26A978B6E}.Debug|Any CPU.Build.0 = Debug|Any CPU
		{B082BFF6-90A4-40D7-B906-E8A26A978B6E}.Release|Any CPU.ActiveCfg = Release|Any CPU
		{B082BFF6-90A4-40D7-B906-E8A26A978B6E}.Release|Any CPU.Build.0 = Release|Any CPU
	EndGlobalSection
	GlobalSection(SolutionProperties) = preSolution
		HideSolutionNode = FALSE
	EndGlobalSection
	GlobalSection(ExtensibilityGlobals) = postSolution
		SolutionGuid = {5A70670C-DBB9-4F2E-A25C-8DA27D20FD3F}
	EndGlobalSection
EndGlobal
