
Microsoft Visual Studio Solution File, Format Version 12.00
# Visual Studio Version 16
VisualStudioVersion = 16.0.30523.141
MinimumVisualStudioVersion = 10.0.40219.1
Project("{9092AA53-FB77-4645-B42D-1CCCA6BD08BD}") = "ExpressApp1", "ExpressApp1\ExpressApp1.njsproj", "{9F161381-0056-48AA-943F-E14AAF55A1D9}"
EndProject
Global
	GlobalSection(SolutionConfigurationPlatforms) = preSolution
		Debug|Any CPU = Debug|Any CPU
		Release|Any CPU = Release|Any CPU
	EndGlobalSection
	GlobalSection(ProjectConfigurationPlatforms) = postSolution
		{9F161381-0056-48AA-943F-E14AAF55A1D9}.Debug|Any CPU.ActiveCfg = Debug|Any CPU
		{9F161381-0056-48AA-943F-E14AAF55A1D9}.Debug|Any CPU.Build.0 = Debug|Any CPU
		{9F161381-0056-48AA-943F-E14AAF55A1D9}.Release|Any CPU.ActiveCfg = Release|Any CPU
		{9F161381-0056-48AA-943F-E14AAF55A1D9}.Release|Any CPU.Build.0 = Release|Any CPU
	EndGlobalSection
	GlobalSection(SolutionProperties) = preSolution
		HideSolutionNode = FALSE
	EndGlobalSection
	GlobalSection(ExtensibilityGlobals) = postSolution
		SolutionGuid = {C186BA09-2212-4BB4-A31E-FDA5A433E6AB}
	EndGlobalSection
EndGlobal
