
Microsoft Visual Studio Solution File, Format Version 12.00
# Visual Studio Version 16
VisualStudioVersion = 16.0.30523.141
MinimumVisualStudioVersion = 10.0.40219.1
Project("{9092AA53-FB77-4645-B42D-1CCCA6BD08BD}") = "NodejsWebApp1", "NodejsWebApp1\NodejsWebApp1.njsproj", "{C61C54A5-9345-4C20-89EC-C7C1BC9A76AA}"
EndProject
Global
	GlobalSection(SolutionConfigurationPlatforms) = preSolution
		Debug|Any CPU = Debug|Any CPU
		Release|Any CPU = Release|Any CPU
	EndGlobalSection
	GlobalSection(ProjectConfigurationPlatforms) = postSolution
		{C61C54A5-9345-4C20-89EC-C7C1BC9A76AA}.Debug|Any CPU.ActiveCfg = Debug|Any CPU
		{C61C54A5-9345-4C20-89EC-C7C1BC9A76AA}.Debug|Any CPU.Build.0 = Debug|Any CPU
		{C61C54A5-9345-4C20-89EC-C7C1BC9A76AA}.Release|Any CPU.ActiveCfg = Release|Any CPU
		{C61C54A5-9345-4C20-89EC-C7C1BC9A76AA}.Release|Any CPU.Build.0 = Release|Any CPU
	EndGlobalSection
	GlobalSection(SolutionProperties) = preSolution
		HideSolutionNode = FALSE
	EndGlobalSection
	GlobalSection(ExtensibilityGlobals) = postSolution
		SolutionGuid = {D767A968-FAC8-4D1E-8B2D-8EBB68FBCCFD}
	EndGlobalSection
EndGlobal
